<Solution>
  <Folder Name="/apps/" />
  <Folder Name="/apps/api/">
    <Project Path="apps/api/DealerOS.Api.csproj" />
  </Folder>
  <Folder Name="/modules/" />
  <Folder Name="/modules/IdentityAccess/">
    <Project Path="modules/IdentityAccess/DealerOS.Modules.IdentityAccess.csproj" />
  </Folder>
  <Folder Name="/modules/Inspections/">
    <Project Path="modules/Inspections/DealerOS.Modules.Inspections.csproj" />
  </Folder>
  <Folder Name="/modules/Organizations/">
    <Project Path="modules/Organizations/DealerOS.Modules.Organizations.csproj" />
  </Folder>
  <Folder Name="/modules/Operations/">
  <Project Path="modules/Operations/DealerOS.Modules.Operations.csproj" />
  <Project Path="modules/Crm/DealerOS.Modules.Crm.csproj" />
  </Folder>
  <Folder Name="/modules/Sales/">
    <Project Path="modules/Sales/DealerOS.Modules.Sales.csproj" />
  </Folder>
  <Folder Name="/modules/Reconditioning/">
    <Project Path="modules/Reconditioning/DealerOS.Modules.Reconditioning.csproj" />
  </Folder>
  <Folder Name="/modules/Reservations/">
    <Project Path="modules/Reservations/DealerOS.Modules.Reservations.csproj" />
  </Folder>
  <Folder Name="/modules/SharedKernel/">
    <Project Path="modules/SharedKernel/DealerOS.SharedKernel.csproj" />
  </Folder>
  <Folder Name="/modules/Vehicles/">
    <Project Path="modules/Vehicles/DealerOS.Modules.Vehicles.csproj" />
  </Folder>
  <Folder Name="/tests/">
    <Project Path="tests/DealerOS.IntegrationTests/DealerOS.IntegrationTests.csproj" />
    <Project Path="tests/DealerOS.UnitTests/DealerOS.UnitTests.csproj" />
  </Folder>
</Solution>
